PODS:
  - Bolts (1.8.4):
    - Bolts/AppLinks (= 1.8.4)
    - Bolts/Tasks (= 1.8.4)
  - Bolts/AppLinks (1.8.4):
    - Bolts/Tasks
  - Bolts/Tasks (1.8.4)
  - FBSDKCoreKit (4.15.1):
    - Bolts (~> 1.7)
  - Realm (0.103.2):
    - Realm/Headers (= 0.103.2)
  - Realm/Headers (0.103.2)
  - RealmSwift (0.103.2):
    - Realm (= 0.103.2)
  - SwiftyJSON (2.3.2)

DEPENDENCIES:
  - FBSDKCoreKit (~> 4.14)
  - RealmSwift (~> 0.96)
  - SwiftyJSON (~> 2.3)

SPEC CHECKSUMS:
  Bolts: 8a7995239dbe724f9cba2248b766d48b7ebdd322
  FBSDKCoreKit: fc7fa53d16b095ee3fd53f0cd59f1df8bcbb634d
  Realm: 448f0416079fe5b0ed947e7d86f3c4e1c75826cb
  RealmSwift: 8a45cc8f02dfac093b72a3b5a01d567e27e15891
  SwiftyJSON: 04ccea08915aa0109039157c7974cf0298da292a

COCOAPODS: 0.39.0
